{
  "name": "minor project 2",
  "lockfileVersion": 3,
  "requires": true,
  "packages": {
    "": {
      "dependencies": {
        "chance": "^1.1.13",
        "react-virtuoso": "^4.18.7"
      }
    },
    "node_modules/chance": {
      "version": "1.1.13",
      "resolved": "https://registry.npmjs.org/chance/-/chance-1.1.13.tgz",
      "integrity": "sha512-V6lQCljcLznE7tUYUM9EOAnnKXbctE6j/rdQkYOHIWbfGQbrzTsAXNW9CdU5XCo4ArXQCj/rb6HgxPlmGJcaUg==",
      "license": "MIT"
    },
    "node_modules/react": {
      "version": "19.2.6",
      "resolved": "https://registry.npmjs.org/react/-/react-19.2.6.tgz",
      "integrity": "sha512-sfWGGfavi0xr8Pg0sVsyHMAOziVYKgPLNrS7ig+ivMNb3wbCBw3KxtflsGBAwD3gYQlE/AEZsTLgToRrSCjb0Q==",
      "license": "MIT",
      "peer": true,
      "engines": {
        "node": ">=0.10.0"
      }
    },
    "node_modules/react-dom": {
      "version": "19.2.6",
      "resolved": "https://registry.npmjs.org/react-dom/-/react-dom-19.2.6.tgz",
      "integrity": "sha512-0prMI+hvBbPjsWnxDLxlCGyM8PN6UuWjEUCYmZhO67xIV9Xasa/r/vDnq+Xyq4Lo27g8QSbO5YzARu0D1Sps3g==",
      "license": "MIT",
      "peer": true,
      "dependencies": {
        "scheduler": "^0.27.0"
      },
      "peerDependencies": {
        "react": "^19.2.6"
      }
    },
    "node_modules/react-virtuoso": {
      "version": "4.18.7",
      "resolved": "https://registry.npmjs.org/react-virtuoso/-/react-virtuoso-4.18.7.tgz",
      "integrity": "sha512-xNF5zDGEEIMB7cKwcen/pLig0YDf6OnfFrVgKFa7sHPf9fRem0CaLshyObbBcP88jzn0enavL39EgplgdyT21g==",
      "license": "MIT",
      "peerDependencies": {
        "react": ">=16 || >=17 || >= 18 || >= 19",
        "react-dom": ">=16 || >=17 || >= 18 || >=19"
      }
    },
    "node_modules/scheduler": {
      "version": "0.27.0",
      "resolved": "https://registry.npmjs.org/scheduler/-/scheduler-0.27.0.tgz",
      "integrity": "sha512-eNv+WrVbKu1f3vbYJT/xtiF5syA5HPIMtf9IgY/nKg0sWqzAUEvqY/xm7OcZc/qafLx/iO9FgOmeSAp4v5ti/Q==",
      "license": "MIT"
    }
  }
}
